
Microsoft Visual Studio Solution File, Format Version 12.00
# Visual Studio 15
VisualStudioVersion = 15.0.28307.902
MinimumVisualStudioVersion = 10.0.40219.1
Project("{FAE04EC0-301F-11D3-BF4B-00C04F79EFBC}") = "Courgette.TestAdapter.Vsix", "Courgette.TestAdapter.Vsix\Courgette.TestAdapter.Vsix.csproj", "{B9BE57DE-7B52-433A-90F9-18F449FFE229}"
EndProject
Project("{FAE04EC0-301F-11D3-BF4B-00C04F79EFBC}") = "Courgette.TestAdapter", "Courgette.TestAdapter\Courgette.TestAdapter.csproj", "{058D9FE7-50F1-4448-94D1-CA27A9F21D1E}"
EndProject
Global
	GlobalSection(SolutionConfigurationPlatforms) = preSolution
		Debug|Any CPU = Debug|Any CPU
		Release|Any CPU = Release|Any CPU
	EndGlobalSection
	GlobalSection(ProjectConfigurationPlatforms) = postSolution
		{B9BE57DE-7B52-433A-90F9-18F449FFE229}.Debug|Any CPU.ActiveCfg = Debug|Any CPU
		{B9BE57DE-7B52-433A-90F9-18F449FFE229}.Debug|Any CPU.Build.0 = Debug|Any CPU
		{B9BE57DE-7B52-433A-90F9-18F449FFE229}.Release|Any CPU.ActiveCfg = Release|Any CPU
		{B9BE57DE-7B52-433A-90F9-18F449FFE229}.Release|Any CPU.Build.0 = Release|Any CPU
		{058D9FE7-50F1-4448-94D1-CA27A9F21D1E}.Debug|Any CPU.ActiveCfg = Debug|Any CPU
		{058D9FE7-50F1-4448-94D1-CA27A9F21D1E}.Debug|Any CPU.Build.0 = Debug|Any CPU
		{058D9FE7-50F1-4448-94D1-CA27A9F21D1E}.Release|Any CPU.ActiveCfg = Release|Any CPU
		{058D9FE7-50F1-4448-94D1-CA27A9F21D1E}.Release|Any CPU.Build.0 = Release|Any CPU
	EndGlobalSection
	GlobalSection(SolutionProperties) = preSolution
		HideSolutionNode = FALSE
	EndGlobalSection
	GlobalSection(ExtensibilityGlobals) = postSolution
		SolutionGuid = {633868C5-0048-43FB-A892-AB174EEA6E29}
	EndGlobalSection
EndGlobal
